// !$*UTF8*$!
{
	archiveVersion = 1;
	classes = {
	};
	objectVersion = 46;
	objects = {

/* Begin PBXBuildFile section */
		D8285F4C218F8CB700016F4A /* Budgeter.xcdatamodeld in Sources */ = {isa = PBXBuildFile; fileRef = D8285F4A218F8CB600016F4A /* Budgeter.xcdatamodeld */; };
		D8285F4F218FC8AB00016F4A /* NewExpenseViewController.swift in Sources */ = {isa = PBXBuildFile; fileRef = D8285F4E218FC8AB00016F4A /* NewExpenseViewController.swift */; };
		D8285F51218FC92000016F4A /* NewExpenseViewModel.swift in Sources */ = {isa = PBXBuildFile; fileRef = D8285F50218FC92000016F4A /* NewExpenseViewModel.swift */; };
		D836D69A2198B5FF00D3E839 /* AppFlowCoordinator.swift in Sources */ = {isa = PBXBuildFile; fileRef = D836D6992198B5FF00D3E839 /* AppFlowCoordinator.swift */; };
		D836D69E2198CD0F00D3E839 /* NewExpenseFlowCoordinator.swift in Sources */ = {isa = PBXBuildFile; fileRef = D836D69D2198CD0F00D3E839 /* NewExpenseFlowCoordinator.swift */; };
		D88B6BE520CCC03100BF1B71 /* LoginViewModel.swift in Sources */ = {isa = PBXBuildFile; fileRef = D88B6BE420CCC03100BF1B71 /* LoginViewModel.swift */; };
		D88B6BE720CCC7BD00BF1B71 /* UIConstants.swift in Sources */ = {isa = PBXBuildFile; fileRef = D88B6BE620CCC7BD00BF1B71 /* UIConstants.swift */; };
		D88B6BF220CCDE7B00BF1B71 /* CoreDataInterface.swift in Sources */ = {isa = PBXBuildFile; fileRef = D88B6BF120CCDE7B00BF1B71 /* CoreDataInterface.swift */; };
		D8CC1D77205F480C008A5173 /* AppDelegate.swift in Sources */ = {isa = PBXBuildFile; fileRef = D8CC1D76205F480C008A5173 /* AppDelegate.swift */; };
		D8CC1D81205F480C008A5173 /* Assets.xcassets in Resources */ = {isa = PBXBuildFile; fileRef = D8CC1D80205F480C008A5173 /* Assets.xcassets */; };
		D8CC1D84205F480C008A5173 /* LaunchScreen.storyboard in Resources */ = {isa = PBXBuildFile; fileRef = D8CC1D82205F480C008A5173 /* LaunchScreen.storyboard */; };
		D8CC1D8F205F480C008A5173 /* BudgeterTests.swift in Sources */ = {isa = PBXBuildFile; fileRef = D8CC1D8E205F480C008A5173 /* BudgeterTests.swift */; };
		D8CC1DA2205F4D8A008A5173 /* BasicTextInputViewController.swift in Sources */ = {isa = PBXBuildFile; fileRef = D8CC1DA0205F4D8A008A5173 /* BasicTextInputViewController.swift */; };
		D8CC1DA3205F4D8A008A5173 /* BasicTextInputViewController.xib in Resources */ = {isa = PBXBuildFile; fileRef = D8CC1DA1205F4D8A008A5173 /* BasicTextInputViewController.xib */; };
		D8CC1DA7205F62C5008A5173 /* DashboardViewController.swift in Sources */ = {isa = PBXBuildFile; fileRef = D8CC1DA5205F62C5008A5173 /* DashboardViewController.swift */; };
		D8CC1DA8205F62C5008A5173 /* DashboardViewController.xib in Resources */ = {isa = PBXBuildFile; fileRef = D8CC1DA6205F62C5008A5173 /* DashboardViewController.xib */; };
		D8CEA55C21585EF100036263 /* RoundedButton.swift in Sources */ = {isa = PBXBuildFile; fileRef = D8CEA55B21585EF100036263 /* RoundedButton.swift */; };
		D8D070C2215B32C2006FE6A0 /* LoginViewController.swift in Sources */ = {isa = PBXBuildFile; fileRef = D8D070C1215B32C2006FE6A0 /* LoginViewController.swift */; };
/* End PBXBuildFile section */

/* Begin PBXContainerItemProxy section */
		D8CC1D8B205F480C008A5173 /* PBXContainerItemProxy */ = {
			isa = PBXContainerItemProxy;
			containerPortal = D8CC1D6B205F480C008A5173 /* Project object */;
			proxyType = 1;
			remoteGlobalIDString = D8CC1D72205F480C008A5173;
			remoteInfo = Budgeter;
		};
/* End PBXContainerItemProxy section */

/* Begin PBXFileReference section */
		D8285F4B218F8CB600016F4A /* Budgeter.xcdatamodel */ = {isa = PBXFileReference; lastKnownFileType = wrapper.xcdatamodel; path = Budgeter.xcdatamodel; sourceTree = "<group>"; };
		D8285F4E218FC8AB00016F4A /* NewExpenseViewController.swift */ = {isa = PBXFileReference; lastKnownFileType = sourcecode.swift; path = NewExpenseViewController.swift; sourceTree = "<group>"; };
		D8285F50218FC92000016F4A /* NewExpenseViewModel.swift */ = {isa = PBXFileReference; lastKnownFileType = sourcecode.swift; path = NewExpenseViewModel.swift; sourceTree = "<group>"; };
		D836D6992198B5FF00D3E839 /* AppFlowCoordinator.swift */ = {isa = PBXFileReference; lastKnownFileType = sourcecode.swift; path = AppFlowCoordinator.swift; sourceTree = "<group>"; };
		D836D69D2198CD0F00D3E839 /* NewExpenseFlowCoordinator.swift */ = {isa = PBXFileReference; lastKnownFileType = sourcecode.swift; path = NewExpenseFlowCoordinator.swift; sourceTree = "<group>"; };
		D88B6BE420CCC03100BF1B71 /* LoginViewModel.swift */ = {isa = PBXFileReference; fileEncoding = 4; lastKnownFileType = sourcecode.swift; path = LoginViewModel.swift; sourceTree = "<group>"; };
		D88B6BE620CCC7BD00BF1B71 /* UIConstants.swift */ = {isa = PBXFileReference; fileEncoding = 4; lastKnownFileType = sourcecode.swift; path = UIConstants.swift; sourceTree = "<group>"; };
		D88B6BF120CCDE7B00BF1B71 /* CoreDataInterface.swift */ = {isa = PBXFileReference; fileEncoding = 4; lastKnownFileType = sourcecode.swift; path = CoreDataInterface.swift; sourceTree = "<group>"; };
		D8CC1D73205F480C008A5173 /* Budgeter.app */ = {isa = PBXFileReference; explicitFileType = wrapper.application; includeInIndex = 0; path = Budgeter.app; sourceTree = BUILT_PRODUCTS_DIR; };
		D8CC1D76205F480C008A5173 /* AppDelegate.swift */ = {isa = PBXFileReference; lastKnownFileType = sourcecode.swift; path = AppDelegate.swift; sourceTree = "<group>"; };
		D8CC1D80205F480C008A5173 /* Assets.xcassets */ = {isa = PBXFileReference; lastKnownFileType = folder.assetcatalog; path = Assets.xcassets; sourceTree = "<group>"; };
		D8CC1D83205F480C008A5173 /* Base */ = {isa = PBXFileReference; lastKnownFileType = file.storyboard; name = Base; path = Base.lproj/LaunchScreen.storyboard; sourceTree = "<group>"; };
		D8CC1D85205F480C008A5173 /* Info.plist */ = {isa = PBXFileReference; lastKnownFileType = text.plist.xml; path = Info.plist; sourceTree = "<group>"; };
		D8CC1D8A205F480C008A5173 /* BudgeterTests.xctest */ = {isa = PBXFileReference; explicitFileType = wrapper.cfbundle; includeInIndex = 0; path = BudgeterTests.xctest; sourceTree = BUILT_PRODUCTS_DIR; };
		D8CC1D8E205F480C008A5173 /* BudgeterTests.swift */ = {isa = PBXFileReference; lastKnownFileType = sourcecode.swift; path = BudgeterTests.swift; sourceTree = "<group>"; };
		D8CC1D90205F480C008A5173 /* Info.plist */ = {isa = PBXFileReference; lastKnownFileType = text.plist.xml; path = Info.plist; sourceTree = "<group>"; };
		D8CC1DA0205F4D8A008A5173 /* BasicTextInputViewController.swift */ = {isa = PBXFileReference; fileEncoding = 4; lastKnownFileType = sourcecode.swift; path = BasicTextInputViewController.swift; sourceTree = "<group>"; };
		D8CC1DA1205F4D8A008A5173 /* BasicTextInputViewController.xib */ = {isa = PBXFileReference; fileEncoding = 4; lastKnownFileType = file.xib; path = BasicTextInputViewController.xib; sourceTree = "<group>"; };
		D8CC1DA5205F62C5008A5173 /* DashboardViewController.swift */ = {isa = PBXFileReference; fileEncoding = 4; lastKnownFileType = sourcecode.swift; path = DashboardViewController.swift; sourceTree = "<group>"; };
		D8CC1DA6205F62C5008A5173 /* DashboardViewController.xib */ = {isa = PBXFileReference; fileEncoding = 4; lastKnownFileType = file.xib; path = DashboardViewController.xib; sourceTree = "<group>"; };
		D8CEA55B21585EF100036263 /* RoundedButton.swift */ = {isa = PBXFileReference; lastKnownFileType = sourcecode.swift; name = RoundedButton.swift; path = Budgeter/Views/Common/RoundedButton.swift; sourceTree = SOURCE_ROOT; };
		D8D070C1215B32C2006FE6A0 /* LoginViewController.swift */ = {isa = PBXFileReference; lastKnownFileType = sourcecode.swift; name = LoginViewController.swift; path = Budgeter/ViewControllers/Login/LoginViewController.swift; sourceTree = SOURCE_ROOT; };
/* End PBXFileReference section */

/* Begin PBXFrameworksBuildPhase section */
		D8CC1D70205F480C008A5173 /* Frameworks */ = {
			isa = PBXFrameworksBuildPhase;
			buildActionMask = 2147483647;
			files = (
			);
			runOnlyForDeploymentPostprocessing = 0;
		};
		D8CC1D87205F480C008A5173 /* Frameworks */ = {
			isa = PBXFrameworksBuildPhase;
			buildActionMask = 2147483647;
			files = (
			);
			runOnlyForDeploymentPostprocessing = 0;
		};
/* End PBXFrameworksBuildPhase section */

/* Begin PBXGroup section */
		D8285F49218F8B5E00016F4A /* Common */ = {
			isa = PBXGroup;
			children = (
				D8CC1DA0205F4D8A008A5173 /* BasicTextInputViewController.swift */,
			);
			path = Common;
			sourceTree = "<group>";
		};
		D8285F4D218FC79100016F4A /* Common */ = {
			isa = PBXGroup;
			children = (
				D8CEA55B21585EF100036263 /* RoundedButton.swift */,
				D8CC1DA1205F4D8A008A5173 /* BasicTextInputViewController.xib */,
			);
			path = Common;
			sourceTree = "<group>";
		};
		D836D69B2198CCCE00D3E839 /* Coordinators */ = {
			isa = PBXGroup;
			children = (
				D836D6992198B5FF00D3E839 /* AppFlowCoordinator.swift */,
				D836D69D2198CD0F00D3E839 /* NewExpenseFlowCoordinator.swift */,
			);
			path = Coordinators;
			sourceTree = "<group>";
		};
		D8847B6B21583724007B77D2 /* Views */ = {
			isa = PBXGroup;
			children = (
				D8285F4D218FC79100016F4A /* Common */,
				D8847B6D2158373D007B77D2 /* Dashboard */,
			);
			path = Views;
			sourceTree = "<group>";
		};
		D8847B6D2158373D007B77D2 /* Dashboard */ = {
			isa = PBXGroup;
			children = (
				D8CC1DA6205F62C5008A5173 /* DashboardViewController.xib */,
			);
			path = Dashboard;
			sourceTree = "<group>";
		};
		D8AB841A2158363D00A1EE58 /* ViewControllers */ = {
			isa = PBXGroup;
			children = (
				D8285F49218F8B5E00016F4A /* Common */,
				D8AB841C2158368000A1EE58 /* Login */,
				D8AB841D2158368500A1EE58 /* Dashboard */,
				D8AB841E2158369600A1EE58 /* Expense */,
			);
			path = ViewControllers;
			sourceTree = "<group>";
		};
		D8AB841B2158365B00A1EE58 /* ViewModels */ = {
			isa = PBXGroup;
			children = (
				D8FACC36215836CF0011CC98 /* Login */,
				D8FACC37215836D70011CC98 /* Dashboard */,
				D8FACC38215836E20011CC98 /* Expense */,
			);
			path = ViewModels;
			sourceTree = "<group>";
		};
		D8AB841C2158368000A1EE58 /* Login */ = {
			isa = PBXGroup;
			children = (
				D8D070C1215B32C2006FE6A0 /* LoginViewController.swift */,
			);
			path = Login;
			sourceTree = "<group>";
		};
		D8AB841D2158368500A1EE58 /* Dashboard */ = {
			isa = PBXGroup;
			children = (
				D8CC1DA5205F62C5008A5173 /* DashboardViewController.swift */,
			);
			path = Dashboard;
			sourceTree = "<group>";
		};
		D8AB841E2158369600A1EE58 /* Expense */ = {
			isa = PBXGroup;
			children = (
				D8285F4E218FC8AB00016F4A /* NewExpenseViewController.swift */,
			);
			path = Expense;
			sourceTree = "<group>";
		};
		D8CC1D6A205F480C008A5173 = {
			isa = PBXGroup;
			children = (
				D8CC1D75205F480C008A5173 /* Budgeter */,
				D8CC1D8D205F480C008A5173 /* BudgeterTests */,
				D8CC1D74205F480C008A5173 /* Products */,
			);
			sourceTree = "<group>";
		};
		D8CC1D74205F480C008A5173 /* Products */ = {
			isa = PBXGroup;
			children = (
				D8CC1D73205F480C008A5173 /* Budgeter.app */,
				D8CC1D8A205F480C008A5173 /* BudgeterTests.xctest */,
			);
			name = Products;
			sourceTree = "<group>";
		};
		D8CC1D75205F480C008A5173 /* Budgeter */ = {
			isa = PBXGroup;
			children = (
				D8CC1D76205F480C008A5173 /* AppDelegate.swift */,
				D836D69B2198CCCE00D3E839 /* Coordinators */,
				D8847B6B21583724007B77D2 /* Views */,
				D8AB841B2158365B00A1EE58 /* ViewModels */,
				D8AB841A2158363D00A1EE58 /* ViewControllers */,
				D8CC1D9F205F4D60008A5173 /* Models */,
				D8CC1D9C205F49D1008A5173 /* Support */,
			);
			path = Budgeter;
			sourceTree = "<group>";
		};
		D8CC1D8D205F480C008A5173 /* BudgeterTests */ = {
			isa = PBXGroup;
			children = (
				D8CC1D8E205F480C008A5173 /* BudgeterTests.swift */,
				D8CC1D90205F480C008A5173 /* Info.plist */,
			);
			path = BudgeterTests;
			sourceTree = "<group>";
		};
		D8CC1D9C205F49D1008A5173 /* Support */ = {
			isa = PBXGroup;
			children = (
				D8CC1D85205F480C008A5173 /* Info.plist */,
				D8CC1D82205F480C008A5173 /* LaunchScreen.storyboard */,
				D8CC1D80205F480C008A5173 /* Assets.xcassets */,
			);
			name = Support;
			sourceTree = "<group>";
		};
		D8CC1D9F205F4D60008A5173 /* Models */ = {
			isa = PBXGroup;
			children = (
				D88B6BE620CCC7BD00BF1B71 /* UIConstants.swift */,
				D88B6BF120CCDE7B00BF1B71 /* CoreDataInterface.swift */,
				D8285F4A218F8CB600016F4A /* Budgeter.xcdatamodeld */,
			);
			path = Models;
			sourceTree = "<group>";
		};
		D8FACC36215836CF0011CC98 /* Login */ = {
			isa = PBXGroup;
			children = (
				D88B6BE420CCC03100BF1B71 /* LoginViewModel.swift */,
			);
			path = Login;
			sourceTree = "<group>";
		};
		D8FACC37215836D70011CC98 /* Dashboard */ = {
			isa = PBXGroup;
			children = (
			);
			path = Dashboard;
			sourceTree = "<group>";
		};
		D8FACC38215836E20011CC98 /* Expense */ = {
			isa = PBXGroup;
			children = (
				D8285F50218FC92000016F4A /* NewExpenseViewModel.swift */,
			);
			path = Expense;
			sourceTree = "<group>";
		};
/* End PBXGroup section */

/* Begin PBXNativeTarget section */
		D8CC1D72205F480C008A5173 /* Budgeter */ = {
			isa = PBXNativeTarget;
			buildConfigurationList = D8CC1D93205F480C008A5173 /* Build configuration list for PBXNativeTarget "Budgeter" */;
			buildPhases = (
				D8CC1D6F205F480C008A5173 /* Sources */,
				D8CC1D70205F480C008A5173 /* Frameworks */,
				D8CC1D71205F480C008A5173 /* Resources */,
			);
			buildRules = (
			);
			dependencies = (
			);
			name = Budgeter;
			productName = Budgeter;
			productReference = D8CC1D73205F480C008A5173 /* Budgeter.app */;
			productType = "com.apple.product-type.application";
		};
		D8CC1D89205F480C008A5173 /* BudgeterTests */ = {
			isa = PBXNativeTarget;
			buildConfigurationList = D8CC1D96205F480C008A5173 /* Build configuration list for PBXNativeTarget "BudgeterTests" */;
			buildPhases = (
				D8CC1D86205F480C008A5173 /* Sources */,
				D8CC1D87205F480C008A5173 /* Frameworks */,
				D8CC1D88205F480C008A5173 /* Resources */,
			);
			buildRules = (
			);
			dependencies = (
				D8CC1D8C205F480C008A5173 /* PBXTargetDependency */,
			);
			name = BudgeterTests;
			productName = BudgeterTests;
			productReference = D8CC1D8A205F480C008A5173 /* BudgeterTests.xctest */;
			productType = "com.apple.product-type.bundle.unit-test";
		};
/* End PBXNativeTarget section */

/* Begin PBXProject section */
		D8CC1D6B205F480C008A5173 /* Project object */ = {
			isa = PBXProject;
			attributes = {
				LastSwiftUpdateCheck = 0820;
				LastUpgradeCheck = 0940;
				ORGANIZATIONNAME = "Harry Nelken";
				TargetAttributes = {
					D8CC1D72205F480C008A5173 = {
						CreatedOnToolsVersion = 8.2.1;
						DevelopmentTeam = X7WMT94Y93;
						LastSwiftMigration = 0940;
						ProvisioningStyle = Automatic;
					};
					D8CC1D89205F480C008A5173 = {
						CreatedOnToolsVersion = 8.2.1;
						DevelopmentTeam = X7WMT94Y93;
						LastSwiftMigration = 0940;
						ProvisioningStyle = Automatic;
						TestTargetID = D8CC1D72205F480C008A5173;
					};
				};
			};
			buildConfigurationList = D8CC1D6E205F480C008A5173 /* Build configuration list for PBXProject "Budgeter" */;
			compatibilityVersion = "Xcode 3.2";
			developmentRegion = English;
			hasScannedForEncodings = 0;
			knownRegions = (
				en,
				Base,
			);
			mainGroup = D8CC1D6A205F480C008A5173;
			productRefGroup = D8CC1D74205F480C008A5173 /* Products */;
			projectDirPath = "";
			projectRoot = "";
			targets = (
				D8CC1D72205F480C008A5173 /* Budgeter */,
				D8CC1D89205F480C008A5173 /* BudgeterTests */,
			);
		};
/* End PBXProject section */

/* Begin PBXResourcesBuildPhase section */
		D8CC1D71205F480C008A5173 /* Resources */ = {
			isa = PBXResourcesBuildPhase;
			buildActionMask = 2147483647;
			files = (
				D8CC1D84205F480C008A5173 /* LaunchScreen.storyboard in Resources */,
				D8CC1D81205F480C008A5173 /* Assets.xcassets in Resources */,
				D8CC1DA3205F4D8A008A5173 /* BasicTextInputViewController.xib in Resources */,
				D8CC1DA8205F62C5008A5173 /* DashboardViewController.xib in Resources */,
			);
			runOnlyForDeploymentPostprocessing = 0;
		};
		D8CC1D88205F480C008A5173 /* Resources */ = {
			isa = PBXResourcesBuildPhase;
			buildActionMask = 2147483647;
			files = (
			);
			runOnlyForDeploymentPostprocessing = 0;
		};
/* End PBXResourcesBuildPhase section */

/* Begin PBXSourcesBuildPhase section */
		D8CC1D6F205F480C008A5173 /* Sources */ = {
			isa = PBXSourcesBuildPhase;
			buildActionMask = 2147483647;
			files = (
				D836D69A2198B5FF00D3E839 /* AppFlowCoordinator.swift in Sources */,
				D8CC1DA2205F4D8A008A5173 /* BasicTextInputViewController.swift in Sources */,
				D8285F4C218F8CB700016F4A /* Budgeter.xcdatamodeld in Sources */,
				D8CC1D77205F480C008A5173 /* AppDelegate.swift in Sources */,
				D88B6BF220CCDE7B00BF1B71 /* CoreDataInterface.swift in Sources */,
				D8CEA55C21585EF100036263 /* RoundedButton.swift in Sources */,
				D88B6BE520CCC03100BF1B71 /* LoginViewModel.swift in Sources */,
				D8CC1DA7205F62C5008A5173 /* DashboardViewController.swift in Sources */,
				D8D070C2215B32C2006FE6A0 /* LoginViewController.swift in Sources */,
				D8285F4F218FC8AB00016F4A /* NewExpenseViewController.swift in Sources */,
				D8285F51218FC92000016F4A /* NewExpenseViewModel.swift in Sources */,
				D88B6BE720CCC7BD00BF1B71 /* UIConstants.swift in Sources */,
				D836D69E2198CD0F00D3E839 /* NewExpenseFlowCoordinator.swift in Sources */,
			);
			runOnlyForDeploymentPostprocessing = 0;
		};
		D8CC1D86205F480C008A5173 /* Sources */ = {
			isa = PBXSourcesBuildPhase;
			buildActionMask = 2147483647;
			files = (
				D8CC1D8F205F480C008A5173 /* BudgeterTests.swift in Sources */,
			);
			runOnlyForDeploymentPostprocessing = 0;
		};
/* End PBXSourcesBuildPhase section */

/* Begin PBXTargetDependency section */
		D8CC1D8C205F480C008A5173 /* PBXTargetDependency */ = {
			isa = PBXTargetDependency;
			target = D8CC1D72205F480C008A5173 /* Budgeter */;
			targetProxy = D8CC1D8B205F480C008A5173 /* PBXContainerItemProxy */;
		};
/* End PBXTargetDependency section */

/* Begin PBXVariantGroup section */
		D8CC1D82205F480C008A5173 /* LaunchScreen.storyboard */ = {
			isa = PBXVariantGroup;
			children = (
				D8CC1D83205F480C008A5173 /* Base */,
			);
			name = LaunchScreen.storyboard;
			sourceTree = "<group>";
		};
/* End PBXVariantGroup section */

/* Begin XCBuildConfiguration section */
		D8CC1D91205F480C008A5173 /* Debug */ = {
			isa = XCBuildConfiguration;
			buildSettings = {
				ALWAYS_SEARCH_USER_PATHS = NO;
				CLANG_ANALYZER_NONNULL = YES;
				CLANG_CXX_LANGUAGE_STANDARD = "gnu++0x";
				CLANG_CXX_LIBRARY = "libc++";
				CLANG_ENABLE_MODULES = YES;
				CLANG_ENABLE_OBJC_ARC = YES;
				CLANG_WARN_BLOCK_CAPTURE_AUTORELEASING = YES;
				CLANG_WARN_BOOL_CONVERSION = YES;
				CLANG_WARN_COMMA = YES;
				CLANG_WARN_CONSTANT_CONVERSION = YES;
				CLANG_WARN_DEPRECATED_OBJC_IMPLEMENTATIONS = YES;
				CLANG_WARN_DIRECT_OBJC_ISA_USAGE = YES_ERROR;
				CLANG_WARN_DOCUMENTATION_COMMENTS = YES;
				CLANG_WARN_EMPTY_BODY = YES;
				CLANG_WARN_ENUM_CONVERSION = YES;
				CLANG_WARN_INFINITE_RECURSION = YES;
				CLANG_WARN_INT_CONVERSION = YES;
				CLANG_WARN_NON_LITERAL_NULL_CONVERSION = YES;
				CLANG_WARN_OBJC_IMPLICIT_RETAIN_SELF = YES;
				CLANG_WARN_OBJC_LITERAL_CONVERSION = YES;
				CLANG_WARN_OBJC_ROOT_CLASS = YES_ERROR;
				CLANG_WARN_RANGE_LOOP_ANALYSIS = YES;
				CLANG_WARN_STRICT_PROTOTYPES = YES;
				CLANG_WARN_SUSPICIOUS_MOVE = YES;
				CLANG_WARN_UNREACHABLE_CODE = YES;
				CLANG_WARN__DUPLICATE_METHOD_MATCH = YES;
				"CODE_SIGN_IDENTITY[sdk=iphoneos*]" = "iPhone Developer";
				COPY_PHASE_STRIP = NO;
				DEBUG_INFORMATION_FORMAT = dwarf;
				ENABLE_STRICT_OBJC_MSGSEND = YES;
				ENABLE_TESTABILITY = YES;
				GCC_C_LANGUAGE_STANDARD = gnu99;
				GCC_DYNAMIC_NO_PIC = NO;
				GCC_NO_COMMON_BLOCKS = YES;
				GCC_OPTIMIZATION_LEVEL = 0;
				GCC_PREPROCESSOR_DEFINITIONS = (
					"DEBUG=1",
					"$(inherited)",
				);
				GCC_WARN_64_TO_32_BIT_CONVERSION = YES;
				GCC_WARN_ABOUT_RETURN_TYPE = YES_ERROR;
				GCC_WARN_UNDECLARED_SELECTOR = YES;
				GCC_WARN_UNINITIALIZED_AUTOS = YES_AGGRESSIVE;
				GCC_WARN_UNUSED_FUNCTION = YES;
				GCC_WARN_UNUSED_VARIABLE = YES;
				IPHONEOS_DEPLOYMENT_TARGET = 10.2;
				MTL_ENABLE_DEBUG_INFO = YES;
				ONLY_ACTIVE_ARCH = YES;
				SDKROOT = iphoneos;
				SWIFT_ACTIVE_COMPILATION_CONDITIONS = DEBUG;
				SWIFT_OPTIMIZATION_LEVEL = "-Onone";
				SWIFT_SWIFT3_OBJC_INFERENCE = Default;
			};
			name = Debug;
		};
		D8CC1D92205F480C008A5173 /* Release */ = {
			isa = XCBuildConfiguration;
			buildSettings = {
				ALWAYS_SEARCH_USER_PATHS = NO;
				CLANG_ANALYZER_NONNULL = YES;
				CLANG_CXX_LANGUAGE_STANDARD = "gnu++0x";
				CLANG_CXX_LIBRARY = "libc++";
				CLANG_ENABLE_MODULES = YES;
				CLANG_ENABLE_OBJC_ARC = YES;
				CLANG_WARN_BLOCK_CAPTURE_AUTORELEASING = YES;
				CLANG_WARN_BOOL_CONVERSION = YES;
				CLANG_WARN_COMMA = YES;
				CLANG_WARN_CONSTANT_CONVERSION = YES;
				CLANG_WARN_DEPRECATED_OBJC_IMPLEMENTATIONS = YES;
				CLANG_WARN_DIRECT_OBJC_ISA_USAGE = YES_ERROR;
				CLANG_WARN_DOCUMENTATION_COMMENTS = YES;
				CLANG_WARN_EMPTY_BODY = YES;
				CLANG_WARN_ENUM_CONVERSION = YES;
				CLANG_WARN_INFINITE_RECURSION = YES;
				CLANG_WARN_INT_CONVERSION = YES;
				CLANG_WARN_NON_LITERAL_NULL_CONVERSION = YES;
				CLANG_WARN_OBJC_IMPLICIT_RETAIN_SELF = YES;
				CLANG_WARN_OBJC_LITERAL_CONVERSION = YES;
				CLANG_WARN_OBJC_ROOT_CLASS = YES_ERROR;
				CLANG_WARN_RANGE_LOOP_ANALYSIS = YES;
				CLANG_WARN_STRICT_PROTOTYPES = YES;
				CLANG_WARN_SUSPICIOUS_MOVE = YES;
				CLANG_WARN_UNREACHABLE_CODE = YES;
				CLANG_WARN__DUPLICATE_METHOD_MATCH = YES;
				"CODE_SIGN_IDENTITY[sdk=iphoneos*]" = "iPhone Developer";
				COPY_PHASE_STRIP = NO;
				DEBUG_INFORMATION_FORMAT = "dwarf-with-dsym";
				ENABLE_NS_ASSERTIONS = NO;
				ENABLE_STRICT_OBJC_MSGSEND = YES;
				GCC_C_LANGUAGE_STANDARD = gnu99;
				GCC_NO_COMMON_BLOCKS = YES;
				GCC_WARN_64_TO_32_BIT_CONVERSION = YES;
				GCC_WARN_ABOUT_RETURN_TYPE = YES_ERROR;
				GCC_WARN_UNDECLARED_SELECTOR = YES;
				GCC_WARN_UNINITIALIZED_AUTOS = YES_AGGRESSIVE;
				GCC_WARN_UNUSED_FUNCTION = YES;
				GCC_WARN_UNUSED_VARIABLE = YES;
				IPHONEOS_DEPLOYMENT_TARGET = 10.2;
				MTL_ENABLE_DEBUG_INFO = NO;
				SDKROOT = iphoneos;
				SWIFT_OPTIMIZATION_LEVEL = "-Owholemodule";
				SWIFT_SWIFT3_OBJC_INFERENCE = Default;
				VALIDATE_PRODUCT = YES;
			};
			name = Release;
		};
		D8CC1D94205F480C008A5173 /* Debug */ = {
			isa = XCBuildConfiguration;
			buildSettings = {
				ASSETCATALOG_COMPILER_APPICON_NAME = AppIcon;
				"CODE_SIGN_IDENTITY[sdk=iphoneos*]" = "iPhone Developer";
				DEVELOPMENT_TEAM = X7WMT94Y93;
				INFOPLIST_FILE = Budgeter/Info.plist;
				LD_RUNPATH_SEARCH_PATHS = "$(inherited) @executable_path/Frameworks";
				PRODUCT_BUNDLE_IDENTIFIER = com.hnelken.Budgeter;
				PRODUCT_NAME = "$(TARGET_NAME)";
				SWIFT_SWIFT3_OBJC_INFERENCE = Default;
				SWIFT_VERSION = 4.0;
			};
			name = Debug;
		};
		D8CC1D95205F480C008A5173 /* Release */ = {
			isa = XCBuildConfiguration;
			buildSettings = {
				ASSETCATALOG_COMPILER_APPICON_NAME = AppIcon;
				"CODE_SIGN_IDENTITY[sdk=iphoneos*]" = "iPhone Developer";
				DEVELOPMENT_TEAM = X7WMT94Y93;
				INFOPLIST_FILE = Budgeter/Info.plist;
				LD_RUNPATH_SEARCH_PATHS = "$(inherited) @executable_path/Frameworks";
				PRODUCT_BUNDLE_IDENTIFIER = com.hnelken.Budgeter;
				PRODUCT_NAME = "$(TARGET_NAME)";
				SWIFT_SWIFT3_OBJC_INFERENCE = Default;
				SWIFT_VERSION = 4.0;
			};
			name = Release;
		};
		D8CC1D97205F480C008A5173 /* Debug */ = {
			isa = XCBuildConfiguration;
			buildSettings = {
				ALWAYS_EMBED_SWIFT_STANDARD_LIBRARIES = YES;
				BUNDLE_LOADER = "$(TEST_HOST)";
				DEVELOPMENT_TEAM = X7WMT94Y93;
				INFOPLIST_FILE = BudgeterTests/Info.plist;
				LD_RUNPATH_SEARCH_PATHS = "$(inherited) @executable_path/Frameworks @loader_path/Frameworks";
				PRODUCT_BUNDLE_IDENTIFIER = com.hnelken.BudgeterTests;
				PRODUCT_NAME = "$(TARGET_NAME)";
				SWIFT_SWIFT3_OBJC_INFERENCE = Default;
				SWIFT_VERSION = 4.0;
				TEST_HOST = "$(BUILT_PRODUCTS_DIR)/Budgeter.app/Budgeter";
			};
			name = Debug;
		};
		D8CC1D98205F480C008A5173 /* Release */ = {
			isa = XCBuildConfiguration;
			buildSettings = {
				ALWAYS_EMBED_SWIFT_STANDARD_LIBRARIES = YES;
				BUNDLE_LOADER = "$(TEST_HOST)";
				DEVELOPMENT_TEAM = X7WMT94Y93;
				INFOPLIST_FILE = BudgeterTests/Info.plist;
				LD_RUNPATH_SEARCH_PATHS = "$(inherited) @executable_path/Frameworks @loader_path/Frameworks";
				PRODUCT_BUNDLE_IDENTIFIER = com.hnelken.BudgeterTests;
				PRODUCT_NAME = "$(TARGET_NAME)";
				SWIFT_SWIFT3_OBJC_INFERENCE = Default;
				SWIFT_VERSION = 4.0;
				TEST_HOST = "$(BUILT_PRODUCTS_DIR)/Budgeter.app/Budgeter";
			};
			name = Release;
		};
/* End XCBuildConfiguration section */

/* Begin XCConfigurationList section */
		D8CC1D6E205F480C008A5173 /* Build configuration list for PBXProject "Budgeter" */ = {
			isa = XCConfigurationList;
			buildConfigurations = (
				D8CC1D91205F480C008A5173 /* Debug */,
				D8CC1D92205F480C008A5173 /* Release */,
			);
			defaultConfigurationIsVisible = 0;
			defaultConfigurationName = Release;
		};
		D8CC1D93205F480C008A5173 /* Build configuration list for PBXNativeTarget "Budgeter" */ = {
			isa = XCConfigurationList;
			buildConfigurations = (
				D8CC1D94205F480C008A5173 /* Debug */,
				D8CC1D95205F480C008A5173 /* Release */,
			);
			defaultConfigurationIsVisible = 0;
			defaultConfigurationName = Release;
		};
		D8CC1D96205F480C008A5173 /* Build configuration list for PBXNativeTarget "BudgeterTests" */ = {
			isa = XCConfigurationList;
			buildConfigurations = (
				D8CC1D97205F480C008A5173 /* Debug */,
				D8CC1D98205F480C008A5173 /* Release */,
			);
			defaultConfigurationIsVisible = 0;
			defaultConfigurationName = Release;
		};
/* End XCConfigurationList section */

/* Begin XCVersionGroup section */
		D8285F4A218F8CB600016F4A /* Budgeter.xcdatamodeld */ = {
			isa = XCVersionGroup;
			children = (
				D8285F4B218F8CB600016F4A /* Budgeter.xcdatamodel */,
			);
			currentVersion = D8285F4B218F8CB600016F4A /* Budgeter.xcdatamodel */;
			path = Budgeter.xcdatamodeld;
			sourceTree = "<group>";
			versionGroupType = wrapper.xcdatamodel;
		};
/* End XCVersionGroup section */
	};
	rootObject = D8CC1D6B205F480C008A5173 /* Project object */;
}
